
Microsoft Visual Studio Solution File, Format Version 12.00
# Visual Studio Version 17
VisualStudioVersion = 17.9.34701.34
MinimumVisualStudioVersion = 10.0.40219.1
Project("{9A19103F-16F7-4668-BE54-9A1E7A4F7556}") = "AnotherResult", "AnotherResult\AnotherResult.csproj", "{9C902331-CF26-42E9-A159-A9BC8A84B852}"
EndProject
Project("{9A19103F-16F7-4668-BE54-9A1E7A4F7556}") = "Sample", "Sample\Sample.csproj", "{72ACAE86-B118-45F2-BFC2-F3D9086CB54A}"
EndProject
Global
	GlobalSection(SolutionConfigurationPlatforms) = preSolution
		Debug|Any CPU = Debug|Any CPU
		Release|Any CPU = Release|Any CPU
	EndGlobalSection
	GlobalSection(ProjectConfigurationPlatforms) = postSolution
		{9C902331-CF26-42E9-A159-A9BC8A84B852}.Debug|Any CPU.ActiveCfg = Debug|Any CPU
		{9C902331-CF26-42E9-A159-A9BC8A84B852}.Debug|Any CPU.Build.0 = Debug|Any CPU
		{9C902331-CF26-42E9-A159-A9BC8A84B852}.Release|Any CPU.ActiveCfg = Release|Any CPU
		{9C902331-CF26-42E9-A159-A9BC8A84B852}.Release|Any CPU.Build.0 = Release|Any CPU
		{72ACAE86-B118-45F2-BFC2-F3D9086CB54A}.Debug|Any CPU.ActiveCfg = Debug|Any CPU
		{72ACAE86-B118-45F2-BFC2-F3D9086CB54A}.Debug|Any CPU.Build.0 = Debug|Any CPU
		{72ACAE86-B118-45F2-BFC2-F3D9086CB54A}.Release|Any CPU.ActiveCfg = Release|Any CPU
		{72ACAE86-B118-45F2-BFC2-F3D9086CB54A}.Release|Any CPU.Build.0 = Release|Any CPU
	EndGlobalSection
	GlobalSection(SolutionProperties) = preSolution
		HideSolutionNode = FALSE
	EndGlobalSection
	GlobalSection(ExtensibilityGlobals) = postSolution
		SolutionGuid = {139E1651-DC6D-448C-A16A-3BAFD7A82060}
	EndGlobalSection
EndGlobal
